// !$*UTF8*$!
{
	archiveVersion = 1;
	classes = {
	};
	objectVersion = 46;
	objects = {

/* Begin PBXBuildFile section */
		06F0BA6C1BC836B60011A575 /* main.m in Sources */ = {isa = PBXBuildFile; fileRef = 06F0BA6B1BC836B60011A575 /* main.m */; };
		06F0BA6F1BC836B60011A575 /* AppDelegate.m in Sources */ = {isa = PBXBuildFile; fileRef = 06F0BA6E1BC836B60011A575 /* AppDelegate.m */; };
		06F0BA721BC836B60011A575 /* ViewController.m in Sources */ = {isa = PBXBuildFile; fileRef = 06F0BA711BC836B60011A575 /* ViewController.m */; };
		06F0BA751BC836B60011A575 /* Main.storyboard in Resources */ = {isa = PBXBuildFile; fileRef = 06F0BA731BC836B60011A575 /* Main.storyboard */; };
		06F0BA771BC836B60011A575 /* Images.xcassets in Resources */ = {isa = PBXBuildFile; fileRef = 06F0BA761BC836B60011A575 /* Images.xcassets */; };
		06F0BA7A1BC836B60011A575 /* LaunchScreen.xib in Resources */ = {isa = PBXBuildFile; fileRef = 06F0BA781BC836B60011A575 /* LaunchScreen.xib */; };
		06F0BA861BC836B60011A575 /* Finger_Paint_AppTests.m in Sources */ = {isa = PBXBuildFile; fileRef = 06F0BA851BC836B60011A575 /* Finger_Paint_AppTests.m */; };
		06F0BA941BC838900011A575 /* FingerTouchView.m in Sources */ = {isa = PBXBuildFile; fileRef = 06F0BA931BC838900011A575 /* FingerTouchView.m */; };
		06F0BA971BC846BE0011A575 /* BoxedPoint.m in Sources */ = {isa = PBXBuildFile; fileRef = 06F0BA961BC846BE0011A575 /* BoxedPoint.m */; };
/* End PBXBuildFile section */

/* Begin PBXContainerItemProxy section */
		06F0BA801BC836B60011A575 /* PBXContainerItemProxy */ = {
			isa = PBXContainerItemProxy;
			containerPortal = 06F0BA5E1BC836B50011A575 /* Project object */;
			proxyType = 1;
			remoteGlobalIDString = 06F0BA651BC836B50011A575;
			remoteInfo = "Finger Paint App";
		};
/* End PBXContainerItemProxy section */

/* Begin PBXFileReference section */
		06F0BA661BC836B50011A575 /* Finger Paint App.app */ = {isa = PBXFileReference; explicitFileType = wrapper.application; includeInIndex = 0; path = "Finger Paint App.app"; sourceTree = BUILT_PRODUCTS_DIR; };
		06F0BA6A1BC836B60011A575 /* Info.plist */ = {isa = PBXFileReference; lastKnownFileType = text.plist.xml; path = Info.plist; sourceTree = "<group>"; };
		06F0BA6B1BC836B60011A575 /* main.m */ = {isa = PBXFileReference; lastKnownFileType = sourcecode.c.objc; path = main.m; sourceTree = "<group>"; };
		06F0BA6D1BC836B60011A575 /* AppDelegate.h */ = {isa = PBXFileReference; lastKnownFileType = sourcecode.c.h; path = AppDelegate.h; sourceTree = "<group>"; };
		06F0BA6E1BC836B60011A575 /* AppDelegate.m */ = {isa = PBXFileReference; lastKnownFileType = sourcecode.c.objc; path = AppDelegate.m; sourceTree = "<group>"; };
		06F0BA701BC836B60011A575 /* ViewController.h */ = {isa = PBXFileReference; lastKnownFileType = sourcecode.c.h; path = ViewController.h; sourceTree = "<group>"; };
		06F0BA711BC836B60011A575 /* ViewController.m */ = {isa = PBXFileReference; lastKnownFileType = sourcecode.c.objc; path = ViewController.m; sourceTree = "<group>"; };
		06F0BA741BC836B60011A575 /* Base */ = {isa = PBXFileReference; lastKnownFileType = file.storyboard; name = Base; path = Base.lproj/Main.storyboard; sourceTree = "<group>"; };
		06F0BA761BC836B60011A575 /* Images.xcassets */ = {isa = PBXFileReference; lastKnownFileType = folder.assetcatalog; path = Images.xcassets; sourceTree = "<group>"; };
		06F0BA791BC836B60011A575 /* Base */ = {isa = PBXFileReference; lastKnownFileType = file.xib; name = Base; path = Base.lproj/LaunchScreen.xib; sourceTree = "<group>"; };
		06F0BA7F1BC836B60011A575 /* Finger Paint AppTests.xctest */ = {isa = PBXFileReference; explicitFileType = wrapper.cfbundle; includeInIndex = 0; path = "Finger Paint AppTests.xctest"; sourceTree = BUILT_PRODUCTS_DIR; };
		06F0BA841BC836B60011A575 /* Info.plist */ = {isa = PBXFileReference; lastKnownFileType = text.plist.xml; path = Info.plist; sourceTree = "<group>"; };
		06F0BA851BC836B60011A575 /* Finger_Paint_AppTests.m */ = {isa = PBXFileReference; lastKnownFileType = sourcecode.c.objc; path = Finger_Paint_AppTests.m; sourceTree = "<group>"; };
		06F0BA921BC838900011A575 /* FingerTouchView.h */ = {isa = PBXFileReference; fileEncoding = 4; lastKnownFileType = sourcecode.c.h; name = FingerTouchView.h; path = ../FingerTouchView.h; sourceTree = "<group>"; };
		06F0BA931BC838900011A575 /* FingerTouchView.m */ = {isa = PBXFileReference; fileEncoding = 4; lastKnownFileType = sourcecode.c.objc; name = FingerTouchView.m; path = ../FingerTouchView.m; sourceTree = "<group>"; };
		06F0BA951BC846BE0011A575 /* BoxedPoint.h */ = {isa = PBXFileReference; fileEncoding = 4; lastKnownFileType = sourcecode.c.h; path = BoxedPoint.h; sourceTree = "<group>"; };
		06F0BA961BC846BE0011A575 /* BoxedPoint.m */ = {isa = PBXFileReference; fileEncoding = 4; lastKnownFileType = sourcecode.c.objc; path = BoxedPoint.m; sourceTree = "<group>"; };
/* End PBXFileReference section */

/* Begin PBXFrameworksBuildPhase section */
		06F0BA631BC836B50011A575 /* Frameworks */ = {
			isa = PBXFrameworksBuildPhase;
			buildActionMask = 2147483647;
			files = (
			);
			runOnlyForDeploymentPostprocessing = 0;
		};
		06F0BA7C1BC836B60011A575 /* Frameworks */ = {
			isa = PBXFrameworksBuildPhase;
			buildActionMask = 2147483647;
			files = (
			);
			runOnlyForDeploymentPostprocessing = 0;
		};
/* End PBXFrameworksBuildPhase section */

/* Begin PBXGroup section */
		06F0BA5D1BC836B50011A575 = {
			isa = PBXGroup;
			children = (
				06F0BA681BC836B50011A575 /* Finger Paint App */,
				06F0BA821BC836B60011A575 /* Finger Paint AppTests */,
				06F0BA671BC836B50011A575 /* Products */,
			);
			sourceTree = "<group>";
		};
		06F0BA671BC836B50011A575 /* Products */ = {
			isa = PBXGroup;
			children = (
				06F0BA661BC836B50011A575 /* Finger Paint App.app */,
				06F0BA7F1BC836B60011A575 /* Finger Paint AppTests.xctest */,
			);
			name = Products;
			sourceTree = "<group>";
		};
		06F0BA681BC836B50011A575 /* Finger Paint App */ = {
			isa = PBXGroup;
			children = (
				06F0BA6D1BC836B60011A575 /* AppDelegate.h */,
				06F0BA6E1BC836B60011A575 /* AppDelegate.m */,
				06F0BA701BC836B60011A575 /* ViewController.h */,
				06F0BA711BC836B60011A575 /* ViewController.m */,
				06F0BA921BC838900011A575 /* FingerTouchView.h */,
				06F0BA931BC838900011A575 /* FingerTouchView.m */,
				06F0BA951BC846BE0011A575 /* BoxedPoint.h */,
				06F0BA961BC846BE0011A575 /* BoxedPoint.m */,
				06F0BA731BC836B60011A575 /* Main.storyboard */,
				06F0BA761BC836B60011A575 /* Images.xcassets */,
				06F0BA781BC836B60011A575 /* LaunchScreen.xib */,
				06F0BA691BC836B60011A575 /* Supporting Files */,
			);
			path = "Finger Paint App";
			sourceTree = "<group>";
		};
		06F0BA691BC836B60011A575 /* Supporting Files */ = {
			isa = PBXGroup;
			children = (
				06F0BA6A1BC836B60011A575 /* Info.plist */,
				06F0BA6B1BC836B60011A575 /* main.m */,
			);
			name = "Supporting Files";
			sourceTree = "<group>";
		};
		06F0BA821BC836B60011A575 /* Finger Paint AppTests */ = {
			isa = PBXGroup;
			children = (
				06F0BA851BC836B60011A575 /* Finger_Paint_AppTests.m */,
				06F0BA831BC836B60011A575 /* Supporting Files */,
			);
			path = "Finger Paint AppTests";
			sourceTree = "<group>";
		};
		06F0BA831BC836B60011A575 /* Supporting Files */ = {
			isa = PBXGroup;
			children = (
				06F0BA841BC836B60011A575 /* Info.plist */,
			);
			name = "Supporting Files";
			sourceTree = "<group>";
		};
/* End PBXGroup section */

/* Begin PBXNativeTarget section */
		06F0BA651BC836B50011A575 /* Finger Paint App */ = {
			isa = PBXNativeTarget;
			buildConfigurationList = 06F0BA891BC836B60011A575 /* Build configuration list for PBXNativeTarget "Finger Paint App" */;
			buildPhases = (
				06F0BA621BC836B50011A575 /* Sources */,
				06F0BA631BC836B50011A575 /* Frameworks */,
				06F0BA641BC836B50011A575 /* Resources */,
			);
			buildRules = (
			);
			dependencies = (
			);
			name = "Finger Paint App";
			productName = "Finger Paint App";
			productReference = 06F0BA661BC836B50011A575 /* Finger Paint App.app */;
			productType = "com.apple.product-type.application";
		};
		06F0BA7E1BC836B60011A575 /* Finger Paint AppTests */ = {
			isa = PBXNativeTarget;
			buildConfigurationList = 06F0BA8C1BC836B60011A575 /* Build configuration list for PBXNativeTarget "Finger Paint AppTests" */;
			buildPhases = (
				06F0BA7B1BC836B60011A575 /* Sources */,
				06F0BA7C1BC836B60011A575 /* Frameworks */,
				06F0BA7D1BC836B60011A575 /* Resources */,
			);
			buildRules = (
			);
			dependencies = (
				06F0BA811BC836B60011A575 /* PBXTargetDependency */,
			);
			name = "Finger Paint AppTests";
			productName = "Finger Paint AppTests";
			productReference = 06F0BA7F1BC836B60011A575 /* Finger Paint AppTests.xctest */;
			productType = "com.apple.product-type.bundle.unit-test";
		};
/* End PBXNativeTarget section */

/* Begin PBXProject section */
		06F0BA5E1BC836B50011A575 /* Project object */ = {
			isa = PBXProject;
			attributes = {
				LastUpgradeCheck = 0640;
				ORGANIZATIONNAME = "Adam Goldberg";
				TargetAttributes = {
					06F0BA651BC836B50011A575 = {
						CreatedOnToolsVersion = 6.4;
					};
					06F0BA7E1BC836B60011A575 = {
						CreatedOnToolsVersion = 6.4;
						TestTargetID = 06F0BA651BC836B50011A575;
					};
				};
			};
			buildConfigurationList = 06F0BA611BC836B50011A575 /* Build configuration list for PBXProject "Finger Paint App" */;
			compatibilityVersion = "Xcode 3.2";
			developmentRegion = English;
			hasScannedForEncodings = 0;
			knownRegions = (
				en,
				Base,
			);
			mainGroup = 06F0BA5D1BC836B50011A575;
			productRefGroup = 06F0BA671BC836B50011A575 /* Products */;
			projectDirPath = "";
			projectRoot = "";
			targets = (
				06F0BA651BC836B50011A575 /* Finger Paint App */,
				06F0BA7E1BC836B60011A575 /* Finger Paint AppTests */,
			);
		};
/* End PBXProject section */

/* Begin PBXResourcesBuildPhase section */
		06F0BA641BC836B50011A575 /* Resources */ = {
			isa = PBXResourcesBuildPhase;
			buildActionMask = 2147483647;
			files = (
				06F0BA751BC836B60011A575 /* Main.storyboard in Resources */,
				06F0BA7A1BC836B60011A575 /* LaunchScreen.xib in Resources */,
				06F0BA771BC836B60011A575 /* Images.xcassets in Resources */,
			);
			runOnlyForDeploymentPostprocessing = 0;
		};
		06F0BA7D1BC836B60011A575 /* Resources */ = {
			isa = PBXResourcesBuildPhase;
			buildActionMask = 2147483647;
			files = (
			);
			runOnlyForDeploymentPostprocessing = 0;
		};
/* End PBXResourcesBuildPhase section */

/* Begin PBXSourcesBuildPhase section */
		06F0BA621BC836B50011A575 /* Sources */ = {
			isa = PBXSourcesBuildPhase;
			buildActionMask = 2147483647;
			files = (
				06F0BA721BC836B60011A575 /* ViewController.m in Sources */,
				06F0BA971BC846BE0011A575 /* BoxedPoint.m in Sources */,
				06F0BA941BC838900011A575 /* FingerTouchView.m in Sources */,
				06F0BA6F1BC836B60011A575 /* AppDelegate.m in Sources */,
				06F0BA6C1BC836B60011A575 /* main.m in Sources */,
			);
			runOnlyForDeploymentPostprocessing = 0;
		};
		06F0BA7B1BC836B60011A575 /* Sources */ = {
			isa = PBXSourcesBuildPhase;
			buildActionMask = 2147483647;
			files = (
				06F0BA861BC836B60011A575 /* Finger_Paint_AppTests.m in Sources */,
			);
			runOnlyForDeploymentPostprocessing = 0;
		};
/* End PBXSourcesBuildPhase section */

/* Begin PBXTargetDependency section */
		06F0BA811BC836B60011A575 /* PBXTargetDependency */ = {
			isa = PBXTargetDependency;
			target = 06F0BA651BC836B50011A575 /* Finger Paint App */;
			targetProxy = 06F0BA801BC836B60011A575 /* PBXContainerItemProxy */;
		};
/* End PBXTargetDependency section */

/* Begin PBXVariantGroup section */
		06F0BA731BC836B60011A575 /* Main.storyboard */ = {
			isa = PBXVariantGroup;
			children = (
				06F0BA741BC836B60011A575 /* Base */,
			);
			name = Main.storyboard;
			sourceTree = "<group>";
		};
		06F0BA781BC836B60011A575 /* LaunchScreen.xib */ = {
			isa = PBXVariantGroup;
			children = (
				06F0BA791BC836B60011A575 /* Base */,
			);
			name = LaunchScreen.xib;
			sourceTree = "<group>";
		};
/* End PBXVariantGroup section */

/* Begin XCBuildConfiguration section */
		06F0BA871BC836B60011A575 /* Debug */ = {
			isa = XCBuildConfiguration;
			buildSettings = {
				ALWAYS_SEARCH_USER_PATHS = NO;
				CLANG_CXX_LANGUAGE_STANDARD = "gnu++0x";
				CLANG_CXX_LIBRARY = "libc++";
				CLANG_ENABLE_MODULES = YES;
				CLANG_ENABLE_OBJC_ARC = YES;
				CLANG_WARN_BOOL_CONVERSION = YES;
				CLANG_WARN_CONSTANT_CONVERSION = YES;
				CLANG_WARN_DIRECT_OBJC_ISA_USAGE = YES_ERROR;
				CLANG_WARN_EMPTY_BODY = YES;
				CLANG_WARN_ENUM_CONVERSION = YES;
				CLANG_WARN_INT_CONVERSION = YES;
				CLANG_WARN_OBJC_ROOT_CLASS = YES_ERROR;
				CLANG_WARN_UNREACHABLE_CODE = YES;
				CLANG_WARN__DUPLICATE_METHOD_MATCH = YES;
				"CODE_SIGN_IDENTITY[sdk=iphoneos*]" = "iPhone Developer";
				COPY_PHASE_STRIP = NO;
				DEBUG_INFORMATION_FORMAT = "dwarf-with-dsym";
				ENABLE_STRICT_OBJC_MSGSEND = YES;
				GCC_C_LANGUAGE_STANDARD = gnu99;
				GCC_DYNAMIC_NO_PIC = NO;
				GCC_NO_COMMON_BLOCKS = YES;
				GCC_OPTIMIZATION_LEVEL = 0;
				GCC_PREPROCESSOR_DEFINITIONS = (
					"DEBUG=1",
					"$(inherited)",
				);
				GCC_SYMBOLS_PRIVATE_EXTERN = NO;
				GCC_WARN_64_TO_32_BIT_CONVERSION = YES;
				GCC_WARN_ABOUT_RETURN_TYPE = YES_ERROR;
				GCC_WARN_UNDECLARED_SELECTOR = YES;
				GCC_WARN_UNINITIALIZED_AUTOS = YES_AGGRESSIVE;
				GCC_WARN_UNUSED_FUNCTION = YES;
				GCC_WARN_UNUSED_VARIABLE = YES;
				IPHONEOS_DEPLOYMENT_TARGET = 8.4;
				MTL_ENABLE_DEBUG_INFO = YES;
				ONLY_ACTIVE_ARCH = YES;
				SDKROOT = iphoneos;
			};
			name = Debug;
		};
		06F0BA881BC836B60011A575 /* Release */ = {
			isa = XCBuildConfiguration;
			buildSettings = {
				ALWAYS_SEARCH_USER_PATHS = NO;
				CLANG_CXX_LANGUAGE_STANDARD = "gnu++0x";
				CLANG_CXX_LIBRARY = "libc++";
				CLANG_ENABLE_MODULES = YES;
				CLANG_ENABLE_OBJC_ARC = YES;
				CLANG_WARN_BOOL_CONVERSION = YES;
				CLANG_WARN_CONSTANT_CONVERSION = YES;
				CLANG_WARN_DIRECT_OBJC_ISA_USAGE = YES_ERROR;
				CLANG_WARN_EMPTY_BODY = YES;
				CLANG_WARN_ENUM_CONVERSION = YES;
				CLANG_WARN_INT_CONVERSION = YES;
				CLANG_WARN_OBJC_ROOT_CLASS = YES_ERROR;
				CLANG_WARN_UNREACHABLE_CODE = YES;
				CLANG_WARN__DUPLICATE_METHOD_MATCH = YES;
				"CODE_SIGN_IDENTITY[sdk=iphoneos*]" = "iPhone Developer";
				COPY_PHASE_STRIP = NO;
				DEBUG_INFORMATION_FORMAT = "dwarf-with-dsym";
				ENABLE_NS_ASSERTIONS = NO;
				ENABLE_STRICT_OBJC_MSGSEND = YES;
				GCC_C_LANGUAGE_STANDARD = gnu99;
				GCC_NO_COMMON_BLOCKS = YES;
				GCC_WARN_64_TO_32_BIT_CONVERSION = YES;
				GCC_WARN_ABOUT_RETURN_TYPE = YES_ERROR;
				GCC_WARN_UNDECLARED_SELECTOR = YES;
				GCC_WARN_UNINITIALIZED_AUTOS = YES_AGGRESSIVE;
				GCC_WARN_UNUSED_FUNCTION = YES;
				GCC_WARN_UNUSED_VARIABLE = YES;
				IPHONEOS_DEPLOYMENT_TARGET = 8.4;
				MTL_ENABLE_DEBUG_INFO = NO;
				SDKROOT = iphoneos;
				VALIDATE_PRODUCT = YES;
			};
			name = Release;
		};
		06F0BA8A1BC836B60011A575 /* Debug */ = {
			isa = XCBuildConfiguration;
			buildSettings = {
				ASSETCATALOG_COMPILER_APPICON_NAME = AppIcon;
				INFOPLIST_FILE = "Finger Paint App/Info.plist";
				LD_RUNPATH_SEARCH_PATHS = "$(inherited) @executable_path/Frameworks";
				PRODUCT_NAME = "$(TARGET_NAME)";
			};
			name = Debug;
		};
		06F0BA8B1BC836B60011A575 /* Release */ = {
			isa = XCBuildConfiguration;
			buildSettings = {
				ASSETCATALOG_COMPILER_APPICON_NAME = AppIcon;
				INFOPLIST_FILE = "Finger Paint App/Info.plist";
				LD_RUNPATH_SEARCH_PATHS = "$(inherited) @executable_path/Frameworks";
				PRODUCT_NAME = "$(TARGET_NAME)";
			};
			name = Release;
		};
		06F0BA8D1BC836B60011A575 /* Debug */ = {
			isa = XCBuildConfiguration;
			buildSettings = {
				BUNDLE_LOADER = "$(TEST_HOST)";
				FRAMEWORK_SEARCH_PATHS = (
					"$(SDKROOT)/Developer/Library/Frameworks",
					"$(inherited)",
				);
				GCC_PREPROCESSOR_DEFINITIONS = (
					"DEBUG=1",
					"$(inherited)",
				);
				INFOPLIST_FILE = "Finger Paint AppTests/Info.plist";
				LD_RUNPATH_SEARCH_PATHS = "$(inherited) @executable_path/Frameworks @loader_path/Frameworks";
				PRODUCT_NAME = "$(TARGET_NAME)";
				TEST_HOST = "$(BUILT_PRODUCTS_DIR)/Finger Paint App.app/Finger Paint App";
			};
			name = Debug;
		};
		06F0BA8E1BC836B60011A575 /* Release */ = {
			isa = XCBuildConfiguration;
			buildSettings = {
				BUNDLE_LOADER = "$(TEST_HOST)";
				FRAMEWORK_SEARCH_PATHS = (
					"$(SDKROOT)/Developer/Library/Frameworks",
					"$(inherited)",
				);
				INFOPLIST_FILE = "Finger Paint AppTests/Info.plist";
				LD_RUNPATH_SEARCH_PATHS = "$(inherited) @executable_path/Frameworks @loader_path/Frameworks";
				PRODUCT_NAME = "$(TARGET_NAME)";
				TEST_HOST = "$(BUILT_PRODUCTS_DIR)/Finger Paint App.app/Finger Paint App";
			};
			name = Release;
		};
/* End XCBuildConfiguration section */

/* Begin XCConfigurationList section */
		06F0BA611BC836B50011A575 /* Build configuration list for PBXProject "Finger Paint App" */ = {
			isa = XCConfigurationList;
			buildConfigurations = (
				06F0BA871BC836B60011A575 /* Debug */,
				06F0BA881BC836B60011A575 /* Release */,
			);
			defaultConfigurationIsVisible = 0;
			defaultConfigurationName = Release;
		};
		06F0BA891BC836B60011A575 /* Build configuration list for PBXNativeTarget "Finger Paint App" */ = {
			isa = XCConfigurationList;
			buildConfigurations = (
				06F0BA8A1BC836B60011A575 /* Debug */,
				06F0BA8B1BC836B60011A575 /* Release */,
			);
			defaultConfigurationIsVisible = 0;
			defaultConfigurationName = Release;
		};
		06F0BA8C1BC836B60011A575 /* Build configuration list for PBXNativeTarget "Finger Paint AppTests" */ = {
			isa = XCConfigurationList;
			buildConfigurations = (
				06F0BA8D1BC836B60011A575 /* Debug */,
				06F0BA8E1BC836B60011A575 /* Release */,
			);
			defaultConfigurationIsVisible = 0;
			defaultConfigurationName = Release;
		};
/* End XCConfigurationList section */
	};
	rootObject = 06F0BA5E1BC836B50011A575 /* Project object */;
}
